
Microsoft Visual Studio Solution File, Format Version 12.00
# Visual Studio 15
VisualStudioVersion = 15.0.28010.0
MinimumVisualStudioVersion = 10.0.40219.1
Project("{FAE04EC0-301F-11D3-BF4B-00C04F79EFBC}") = "Autopick4NDHU", "Autopick4NDHU\Autopick4NDHU.csproj", "{3EC136AB-17A3-4A09-9BE4-01B18C3FF71A}"
EndProject
Global
	GlobalSection(SolutionConfigurationPlatforms) = preSolution
		Debug|Any CPU = Debug|Any CPU
		Release|Any CPU = Release|Any CPU
	EndGlobalSection
	GlobalSection(ProjectConfigurationPlatforms) = postSolution
		{3EC136AB-17A3-4A09-9BE4-01B18C3FF71A}.Debug|Any CPU.ActiveCfg = Debug|Any CPU
		{3EC136AB-17A3-4A09-9BE4-01B18C3FF71A}.Debug|Any CPU.Build.0 = Debug|Any CPU
		{3EC136AB-17A3-4A09-9BE4-01B18C3FF71A}.Release|Any CPU.ActiveCfg = Release|Any CPU
		{3EC136AB-17A3-4A09-9BE4-01B18C3FF71A}.Release|Any CPU.Build.0 = Release|Any CPU
	EndGlobalSection
	GlobalSection(SolutionProperties) = preSolution
		HideSolutionNode = FALSE
	EndGlobalSection
	GlobalSection(ExtensibilityGlobals) = postSolution
		SolutionGuid = {9428AD5A-3961-4D2B-8025-5D310C2EA5DA}
	EndGlobalSection
EndGlobal
